// !$*UTF8*$!
{
	archiveVersion = 1;
	classes = {
	};
	objectVersion = 50;
	objects = {

/* Begin PBXBuildFile section */
		6BD6B3DCEB6F948725AAB4BC /* Pods_GGV_testTests.framework in Frameworks */ = {isa = PBXBuildFile; fileRef = E84CB403505888571722D63B /* Pods_GGV_testTests.framework */; };
		D4F5F123E7E3CD24EEF31428 /* Pods_GGV_test.framework in Frameworks */ = {isa = PBXBuildFile; fileRef = F6C187FCE6340051357373FF /* Pods_GGV_test.framework */; };
		DADAA98C9099068E6CE07A4E /* Pods_GGV_testUITests.framework in Frameworks */ = {isa = PBXBuildFile; fileRef = 3632C9755950C7F771B05A0E /* Pods_GGV_testUITests.framework */; };
		EE6DA0CD21231F170078C7C1 /* Repeat.framework in Frameworks */ = {isa = PBXBuildFile; fileRef = EE6DA0CC21231F170078C7C1 /* Repeat.framework */; };
		EE9658E12123CA1E00811932 /* IQKeyboardManagerSwift.framework in Frameworks */ = {isa = PBXBuildFile; fileRef = EE9658E02123CA1E00811932 /* IQKeyboardManagerSwift.framework */; };
		EE9658E52123FCAB00811932 /* KDCircularProgress.framework in Frameworks */ = {isa = PBXBuildFile; fileRef = EE9658E42123FCAB00811932 /* KDCircularProgress.framework */; };
		EE9658EB2124092D00811932 /* InfoViewController.swift in Sources */ = {isa = PBXBuildFile; fileRef = EE9658EA2124092D00811932 /* InfoViewController.swift */; };
		EE9658ED2124093D00811932 /* HistoryViewController.swift in Sources */ = {isa = PBXBuildFile; fileRef = EE9658EC2124093D00811932 /* HistoryViewController.swift */; };
		EE9658EF21240B2A00811932 /* Helper.swift in Sources */ = {isa = PBXBuildFile; fileRef = EE9658EE21240B2A00811932 /* Helper.swift */; };
		EE9658F12124117C00811932 /* Constants.swift in Sources */ = {isa = PBXBuildFile; fileRef = EE9658F02124117C00811932 /* Constants.swift */; };
		EE9658F52124163D00811932 /* RealmSwift.framework in Frameworks */ = {isa = PBXBuildFile; fileRef = EE9658F42124163D00811932 /* RealmSwift.framework */; };
		EE9658F72124164300811932 /* Realm.framework in Frameworks */ = {isa = PBXBuildFile; fileRef = EE9658F62124164300811932 /* Realm.framework */; };
		EE9658F92124169E00811932 /* RecordDoc.swift in Sources */ = {isa = PBXBuildFile; fileRef = EE9658F82124169E00811932 /* RecordDoc.swift */; };
		EE9658FC2124213700811932 /* RecordTableViewCell.swift in Sources */ = {isa = PBXBuildFile; fileRef = EE9658FB2124213700811932 /* RecordTableViewCell.swift */; };
		EED6E3D2212302C600A49A78 /* AppDelegate.swift in Sources */ = {isa = PBXBuildFile; fileRef = EED6E3D1212302C600A49A78 /* AppDelegate.swift */; };
		EED6E3D4212302C600A49A78 /* ViewController.swift in Sources */ = {isa = PBXBuildFile; fileRef = EED6E3D3212302C600A49A78 /* ViewController.swift */; };
		EED6E3D7212302C600A49A78 /* Main.storyboard in Resources */ = {isa = PBXBuildFile; fileRef = EED6E3D5212302C600A49A78 /* Main.storyboard */; };
		EED6E3D9212302C800A49A78 /* Assets.xcassets in Resources */ = {isa = PBXBuildFile; fileRef = EED6E3D8212302C800A49A78 /* Assets.xcassets */; };
		EED6E3DC212302C800A49A78 /* LaunchScreen.storyboard in Resources */ = {isa = PBXBuildFile; fileRef = EED6E3DA212302C800A49A78 /* LaunchScreen.storyboard */; };
		EED6E3E7212302C800A49A78 /* GGV_testTests.swift in Sources */ = {isa = PBXBuildFile; fileRef = EED6E3E6212302C800A49A78 /* GGV_testTests.swift */; };
		EED6E3F2212302C800A49A78 /* GGV_testUITests.swift in Sources */ = {isa = PBXBuildFile; fileRef = EED6E3F1212302C800A49A78 /* GGV_testUITests.swift */; };
/* End PBXBuildFile section */

/* Begin PBXContainerItemProxy section */
		EED6E3E3212302C800A49A78 /* PBXContainerItemProxy */ = {
			isa = PBXContainerItemProxy;
			containerPortal = EED6E3C6212302C600A49A78 /* Project object */;
			proxyType = 1;
			remoteGlobalIDString = EED6E3CD212302C600A49A78;
			remoteInfo = GGV_test;
		};
		EED6E3EE212302C800A49A78 /* PBXContainerItemProxy */ = {
			isa = PBXContainerItemProxy;
			containerPortal = EED6E3C6212302C600A49A78 /* Project object */;
			proxyType = 1;
			remoteGlobalIDString = EED6E3CD212302C600A49A78;
			remoteInfo = GGV_test;
		};
/* End PBXContainerItemProxy section */

/* Begin PBXFileReference section */
		32F0C2D24A57C64643613C52 /* Pods-GGV_testUITests.release.xcconfig */ = {isa = PBXFileReference; includeInIndex = 1; lastKnownFileType = text.xcconfig; name = "Pods-GGV_testUITests.release.xcconfig"; path = "Pods/Target Support Files/Pods-GGV_testUITests/Pods-GGV_testUITests.release.xcconfig"; sourceTree = "<group>"; };
		3632C9755950C7F771B05A0E /* Pods_GGV_testUITests.framework */ = {isa = PBXFileReference; explicitFileType = wrapper.framework; includeInIndex = 0; path = Pods_GGV_testUITests.framework; sourceTree = BUILT_PRODUCTS_DIR; };
		369A8850D5636D6415C2F8D8 /* Pods-GGV_test.release.xcconfig */ = {isa = PBXFileReference; includeInIndex = 1; lastKnownFileType = text.xcconfig; name = "Pods-GGV_test.release.xcconfig"; path = "Pods/Target Support Files/Pods-GGV_test/Pods-GGV_test.release.xcconfig"; sourceTree = "<group>"; };
		3D42BA45A755AC43AC8206A9 /* Pods-GGV_testTests.release.xcconfig */ = {isa = PBXFileReference; includeInIndex = 1; lastKnownFileType = text.xcconfig; name = "Pods-GGV_testTests.release.xcconfig"; path = "Pods/Target Support Files/Pods-GGV_testTests/Pods-GGV_testTests.release.xcconfig"; sourceTree = "<group>"; };
		7B9B2CAD13183B96ABF9E150 /* Pods-GGV_testUITests.debug.xcconfig */ = {isa = PBXFileReference; includeInIndex = 1; lastKnownFileType = text.xcconfig; name = "Pods-GGV_testUITests.debug.xcconfig"; path = "Pods/Target Support Files/Pods-GGV_testUITests/Pods-GGV_testUITests.debug.xcconfig"; sourceTree = "<group>"; };
		C8CB1AD093A5C8369946EF02 /* Pods-GGV_testTests.debug.xcconfig */ = {isa = PBXFileReference; includeInIndex = 1; lastKnownFileType = text.xcconfig; name = "Pods-GGV_testTests.debug.xcconfig"; path = "Pods/Target Support Files/Pods-GGV_testTests/Pods-GGV_testTests.debug.xcconfig"; sourceTree = "<group>"; };
		DC0D9D101182CB9DDA628917 /* Pods-GGV_test.debug.xcconfig */ = {isa = PBXFileReference; includeInIndex = 1; lastKnownFileType = text.xcconfig; name = "Pods-GGV_test.debug.xcconfig"; path = "Pods/Target Support Files/Pods-GGV_test/Pods-GGV_test.debug.xcconfig"; sourceTree = "<group>"; };
		E84CB403505888571722D63B /* Pods_GGV_testTests.framework */ = {isa = PBXFileReference; explicitFileType = wrapper.framework; includeInIndex = 0; path = Pods_GGV_testTests.framework; sourceTree = BUILT_PRODUCTS_DIR; };
		EE6DA0CC21231F170078C7C1 /* Repeat.framework */ = {isa = PBXFileReference; explicitFileType = wrapper.framework; path = Repeat.framework; sourceTree = BUILT_PRODUCTS_DIR; };
		EE9658E02123CA1E00811932 /* IQKeyboardManagerSwift.framework */ = {isa = PBXFileReference; explicitFileType = wrapper.framework; path = IQKeyboardManagerSwift.framework; sourceTree = BUILT_PRODUCTS_DIR; };
		EE9658E22123CCC100811932 /* UICircularProgressRing.framework */ = {isa = PBXFileReference; explicitFileType = wrapper.framework; path = UICircularProgressRing.framework; sourceTree = BUILT_PRODUCTS_DIR; };
		EE9658E42123FCAB00811932 /* KDCircularProgress.framework */ = {isa = PBXFileReference; explicitFileType = wrapper.framework; path = KDCircularProgress.framework; sourceTree = BUILT_PRODUCTS_DIR; };
		EE9658EA2124092D00811932 /* InfoViewController.swift */ = {isa = PBXFileReference; lastKnownFileType = sourcecode.swift; path = InfoViewController.swift; sourceTree = "<group>"; };
		EE9658EC2124093D00811932 /* HistoryViewController.swift */ = {isa = PBXFileReference; lastKnownFileType = sourcecode.swift; path = HistoryViewController.swift; sourceTree = "<group>"; };
		EE9658EE21240B2A00811932 /* Helper.swift */ = {isa = PBXFileReference; lastKnownFileType = sourcecode.swift; path = Helper.swift; sourceTree = "<group>"; };
		EE9658F02124117C00811932 /* Constants.swift */ = {isa = PBXFileReference; lastKnownFileType = sourcecode.swift; path = Constants.swift; sourceTree = "<group>"; };
		EE9658F42124163D00811932 /* RealmSwift.framework */ = {isa = PBXFileReference; explicitFileType = wrapper.framework; path = RealmSwift.framework; sourceTree = BUILT_PRODUCTS_DIR; };
		EE9658F62124164300811932 /* Realm.framework */ = {isa = PBXFileReference; explicitFileType = wrapper.framework; path = Realm.framework; sourceTree = BUILT_PRODUCTS_DIR; };
		EE9658F82124169E00811932 /* RecordDoc.swift */ = {isa = PBXFileReference; lastKnownFileType = sourcecode.swift; path = RecordDoc.swift; sourceTree = "<group>"; };
		EE9658FB2124213700811932 /* RecordTableViewCell.swift */ = {isa = PBXFileReference; lastKnownFileType = sourcecode.swift; path = RecordTableViewCell.swift; sourceTree = "<group>"; };
		EED6E3CE212302C600A49A78 /* GGV_test.app */ = {isa = PBXFileReference; explicitFileType = wrapper.application; includeInIndex = 0; path = GGV_test.app; sourceTree = BUILT_PRODUCTS_DIR; };
		EED6E3D1212302C600A49A78 /* AppDelegate.swift */ = {isa = PBXFileReference; lastKnownFileType = sourcecode.swift; path = AppDelegate.swift; sourceTree = "<group>"; };
		EED6E3D3212302C600A49A78 /* ViewController.swift */ = {isa = PBXFileReference; lastKnownFileType = sourcecode.swift; path = ViewController.swift; sourceTree = "<group>"; };
		EED6E3D6212302C600A49A78 /* Base */ = {isa = PBXFileReference; lastKnownFileType = file.storyboard; name = Base; path = Base.lproj/Main.storyboard; sourceTree = "<group>"; };
		EED6E3D8212302C800A49A78 /* Assets.xcassets */ = {isa = PBXFileReference; lastKnownFileType = folder.assetcatalog; path = Assets.xcassets; sourceTree = "<group>"; };
		EED6E3DB212302C800A49A78 /* Base */ = {isa = PBXFileReference; lastKnownFileType = file.storyboard; name = Base; path = Base.lproj/LaunchScreen.storyboard; sourceTree = "<group>"; };
		EED6E3DD212302C800A49A78 /* Info.plist */ = {isa = PBXFileReference; lastKnownFileType = text.plist.xml; path = Info.plist; sourceTree = "<group>"; };
		EED6E3E2212302C800A49A78 /* GGV_testTests.xctest */ = {isa = PBXFileReference; explicitFileType = wrapper.cfbundle; includeInIndex = 0; path = GGV_testTests.xctest; sourceTree = BUILT_PRODUCTS_DIR; };
		EED6E3E6212302C800A49A78 /* GGV_testTests.swift */ = {isa = PBXFileReference; lastKnownFileType = sourcecode.swift; path = GGV_testTests.swift; sourceTree = "<group>"; };
		EED6E3E8212302C800A49A78 /* Info.plist */ = {isa = PBXFileReference; lastKnownFileType = text.plist.xml; path = Info.plist; sourceTree = "<group>"; };
		EED6E3ED212302C800A49A78 /* GGV_testUITests.xctest */ = {isa = PBXFileReference; explicitFileType = wrapper.cfbundle; includeInIndex = 0; path = GGV_testUITests.xctest; sourceTree = BUILT_PRODUCTS_DIR; };
		EED6E3F1212302C800A49A78 /* GGV_testUITests.swift */ = {isa = PBXFileReference; lastKnownFileType = sourcecode.swift; path = GGV_testUITests.swift; sourceTree = "<group>"; };
		EED6E3F3212302C800A49A78 /* Info.plist */ = {isa = PBXFileReference; lastKnownFileType = text.plist.xml; path = Info.plist; sourceTree = "<group>"; };
		F6C187FCE6340051357373FF /* Pods_GGV_test.framework */ = {isa = PBXFileReference; explicitFileType = wrapper.framework; includeInIndex = 0; path = Pods_GGV_test.framework; sourceTree = BUILT_PRODUCTS_DIR; };
/* End PBXFileReference section */

/* Begin PBXFrameworksBuildPhase section */
		EED6E3CB212302C600A49A78 /* Frameworks */ = {
			isa = PBXFrameworksBuildPhase;
			buildActionMask = 2147483647;
			files = (
				EE9658F72124164300811932 /* Realm.framework in Frameworks */,
				EE9658F52124163D00811932 /* RealmSwift.framework in Frameworks */,
				EE9658E52123FCAB00811932 /* KDCircularProgress.framework in Frameworks */,
				EE9658E12123CA1E00811932 /* IQKeyboardManagerSwift.framework in Frameworks */,
				EE6DA0CD21231F170078C7C1 /* Repeat.framework in Frameworks */,
				D4F5F123E7E3CD24EEF31428 /* Pods_GGV_test.framework in Frameworks */,
			);
			runOnlyForDeploymentPostprocessing = 0;
		};
		EED6E3DF212302C800A49A78 /* Frameworks */ = {
			isa = PBXFrameworksBuildPhase;
			buildActionMask = 2147483647;
			files = (
				6BD6B3DCEB6F948725AAB4BC /* Pods_GGV_testTests.framework in Frameworks */,
			);
			runOnlyForDeploymentPostprocessing = 0;
		};
		EED6E3EA212302C800A49A78 /* Frameworks */ = {
			isa = PBXFrameworksBuildPhase;
			buildActionMask = 2147483647;
			files = (
				DADAA98C9099068E6CE07A4E /* Pods_GGV_testUITests.framework in Frameworks */,
			);
			runOnlyForDeploymentPostprocessing = 0;
		};
/* End PBXFrameworksBuildPhase section */

/* Begin PBXGroup section */
		24E4688E7227A00970DE6E84 /* Pods */ = {
			isa = PBXGroup;
			children = (
				DC0D9D101182CB9DDA628917 /* Pods-GGV_test.debug.xcconfig */,
				369A8850D5636D6415C2F8D8 /* Pods-GGV_test.release.xcconfig */,
				C8CB1AD093A5C8369946EF02 /* Pods-GGV_testTests.debug.xcconfig */,
				3D42BA45A755AC43AC8206A9 /* Pods-GGV_testTests.release.xcconfig */,
				7B9B2CAD13183B96ABF9E150 /* Pods-GGV_testUITests.debug.xcconfig */,
				32F0C2D24A57C64643613C52 /* Pods-GGV_testUITests.release.xcconfig */,
			);
			name = Pods;
			sourceTree = "<group>";
		};
		6442E1512A901F6BF8C5F441 /* Frameworks */ = {
			isa = PBXGroup;
			children = (
				EE9658F62124164300811932 /* Realm.framework */,
				EE9658F42124163D00811932 /* RealmSwift.framework */,
				EE9658E42123FCAB00811932 /* KDCircularProgress.framework */,
				EE9658E22123CCC100811932 /* UICircularProgressRing.framework */,
				EE9658E02123CA1E00811932 /* IQKeyboardManagerSwift.framework */,
				EE6DA0CC21231F170078C7C1 /* Repeat.framework */,
				F6C187FCE6340051357373FF /* Pods_GGV_test.framework */,
				E84CB403505888571722D63B /* Pods_GGV_testTests.framework */,
				3632C9755950C7F771B05A0E /* Pods_GGV_testUITests.framework */,
			);
			name = Frameworks;
			sourceTree = "<group>";
		};
		EE9658F22124143400811932 /* Controler */ = {
			isa = PBXGroup;
			children = (
				EE9658EC2124093D00811932 /* HistoryViewController.swift */,
				EE9658EA2124092D00811932 /* InfoViewController.swift */,
				EED6E3D3212302C600A49A78 /* ViewController.swift */,
			);
			path = Controler;
			sourceTree = "<group>";
		};
		EE9658F32124146700811932 /* Tools */ = {
			isa = PBXGroup;
			children = (
				EE9658EE21240B2A00811932 /* Helper.swift */,
				EE9658F02124117C00811932 /* Constants.swift */,
			);
			path = Tools;
			sourceTree = "<group>";
		};
		EE9658FA212417A000811932 /* RealmDocs */ = {
			isa = PBXGroup;
			children = (
				EE9658F82124169E00811932 /* RecordDoc.swift */,
			);
			path = RealmDocs;
			sourceTree = "<group>";
		};
		EED6E3C5212302C600A49A78 = {
			isa = PBXGroup;
			children = (
				EED6E3D0212302C600A49A78 /* GGV_test */,
				EED6E3E5212302C800A49A78 /* GGV_testTests */,
				EED6E3F0212302C800A49A78 /* GGV_testUITests */,
				EED6E3CF212302C600A49A78 /* Products */,
				24E4688E7227A00970DE6E84 /* Pods */,
				6442E1512A901F6BF8C5F441 /* Frameworks */,
			);
			sourceTree = "<group>";
		};
		EED6E3CF212302C600A49A78 /* Products */ = {
			isa = PBXGroup;
			children = (
				EED6E3CE212302C600A49A78 /* GGV_test.app */,
				EED6E3E2212302C800A49A78 /* GGV_testTests.xctest */,
				EED6E3ED212302C800A49A78 /* GGV_testUITests.xctest */,
			);
			name = Products;
			sourceTree = "<group>";
		};
		EED6E3D0212302C600A49A78 /* GGV_test */ = {
			isa = PBXGroup;
			children = (
				EE9658FA212417A000811932 /* RealmDocs */,
				EE9658F32124146700811932 /* Tools */,
				EE9658F22124143400811932 /* Controler */,
				EED6E3D1212302C600A49A78 /* AppDelegate.swift */,
				EED6E3D5212302C600A49A78 /* Main.storyboard */,
				EED6E3D8212302C800A49A78 /* Assets.xcassets */,
				EED6E3DA212302C800A49A78 /* LaunchScreen.storyboard */,
				EED6E3DD212302C800A49A78 /* Info.plist */,
				EE9658FB2124213700811932 /* RecordTableViewCell.swift */,
			);
			path = GGV_test;
			sourceTree = "<group>";
		};
		EED6E3E5212302C800A49A78 /* GGV_testTests */ = {
			isa = PBXGroup;
			children = (
				EED6E3E6212302C800A49A78 /* GGV_testTests.swift */,
				EED6E3E8212302C800A49A78 /* Info.plist */,
			);
			path = GGV_testTests;
			sourceTree = "<group>";
		};
		EED6E3F0212302C800A49A78 /* GGV_testUITests */ = {
			isa = PBXGroup;
			children = (
				EED6E3F1212302C800A49A78 /* GGV_testUITests.swift */,
				EED6E3F3212302C800A49A78 /* Info.plist */,
			);
			path = GGV_testUITests;
			sourceTree = "<group>";
		};
/* End PBXGroup section */

/* Begin PBXNativeTarget section */
		EED6E3CD212302C600A49A78 /* GGV_test */ = {
			isa = PBXNativeTarget;
			buildConfigurationList = EED6E3F6212302C800A49A78 /* Build configuration list for PBXNativeTarget "GGV_test" */;
			buildPhases = (
				184998B3ADB13A75835697AB /* [CP] Check Pods Manifest.lock */,
				EED6E3CA212302C600A49A78 /* Sources */,
				EED6E3CB212302C600A49A78 /* Frameworks */,
				EED6E3CC212302C600A49A78 /* Resources */,
				EC8AF9213268C60B4EDAFA86 /* [CP] Embed Pods Frameworks */,
			);
			buildRules = (
			);
			dependencies = (
			);
			name = GGV_test;
			productName = GGV_test;
			productReference = EED6E3CE212302C600A49A78 /* GGV_test.app */;
			productType = "com.apple.product-type.application";
		};
		EED6E3E1212302C800A49A78 /* GGV_testTests */ = {
			isa = PBXNativeTarget;
			buildConfigurationList = EED6E3F9212302C800A49A78 /* Build configuration list for PBXNativeTarget "GGV_testTests" */;
			buildPhases = (
				AD25CF3488DAB4BC6876A964 /* [CP] Check Pods Manifest.lock */,
				EED6E3DE212302C800A49A78 /* Sources */,
				EED6E3DF212302C800A49A78 /* Frameworks */,
				EED6E3E0212302C800A49A78 /* Resources */,
			);
			buildRules = (
			);
			dependencies = (
				EED6E3E4212302C800A49A78 /* PBXTargetDependency */,
			);
			name = GGV_testTests;
			productName = GGV_testTests;
			productReference = EED6E3E2212302C800A49A78 /* GGV_testTests.xctest */;
			productType = "com.apple.product-type.bundle.unit-test";
		};
		EED6E3EC212302C800A49A78 /* GGV_testUITests */ = {
			isa = PBXNativeTarget;
			buildConfigurationList = EED6E3FC212302C800A49A78 /* Build configuration list for PBXNativeTarget "GGV_testUITests" */;
			buildPhases = (
				862D3B4A5F54F79BCA835AC7 /* [CP] Check Pods Manifest.lock */,
				EED6E3E9212302C800A49A78 /* Sources */,
				EED6E3EA212302C800A49A78 /* Frameworks */,
				EED6E3EB212302C800A49A78 /* Resources */,
			);
			buildRules = (
			);
			dependencies = (
				EED6E3EF212302C800A49A78 /* PBXTargetDependency */,
			);
			name = GGV_testUITests;
			productName = GGV_testUITests;
			productReference = EED6E3ED212302C800A49A78 /* GGV_testUITests.xctest */;
			productType = "com.apple.product-type.bundle.ui-testing";
		};
/* End PBXNativeTarget section */

/* Begin PBXProject section */
		EED6E3C6212302C600A49A78 /* Project object */ = {
			isa = PBXProject;
			attributes = {
				LastSwiftUpdateCheck = 0940;
				LastUpgradeCheck = 0940;
				ORGANIZATIONNAME = GGV;
				TargetAttributes = {
					EED6E3CD212302C600A49A78 = {
						CreatedOnToolsVersion = 9.4.1;
					};
					EED6E3E1212302C800A49A78 = {
						CreatedOnToolsVersion = 9.4.1;
						TestTargetID = EED6E3CD212302C600A49A78;
					};
					EED6E3EC212302C800A49A78 = {
						CreatedOnToolsVersion = 9.4.1;
						TestTargetID = EED6E3CD212302C600A49A78;
					};
				};
			};
			buildConfigurationList = EED6E3C9212302C600A49A78 /* Build configuration list for PBXProject "GGV_test" */;
			compatibilityVersion = "Xcode 9.3";
			developmentRegion = en;
			hasScannedForEncodings = 0;
			knownRegions = (
				en,
				Base,
			);
			mainGroup = EED6E3C5212302C600A49A78;
			productRefGroup = EED6E3CF212302C600A49A78 /* Products */;
			projectDirPath = "";
			projectRoot = "";
			targets = (
				EED6E3CD212302C600A49A78 /* GGV_test */,
				EED6E3E1212302C800A49A78 /* GGV_testTests */,
				EED6E3EC212302C800A49A78 /* GGV_testUITests */,
			);
		};
/* End PBXProject section */

/* Begin PBXResourcesBuildPhase section */
		EED6E3CC212302C600A49A78 /* Resources */ = {
			isa = PBXResourcesBuildPhase;
			buildActionMask = 2147483647;
			files = (
				EED6E3DC212302C800A49A78 /* LaunchScreen.storyboard in Resources */,
				EED6E3D9212302C800A49A78 /* Assets.xcassets in Resources */,
				EED6E3D7212302C600A49A78 /* Main.storyboard in Resources */,
			);
			runOnlyForDeploymentPostprocessing = 0;
		};
		EED6E3E0212302C800A49A78 /* Resources */ = {
			isa = PBXResourcesBuildPhase;
			buildActionMask = 2147483647;
			files = (
			);
			runOnlyForDeploymentPostprocessing = 0;
		};
		EED6E3EB212302C800A49A78 /* Resources */ = {
			isa = PBXResourcesBuildPhase;
			buildActionMask = 2147483647;
			files = (
			);
			runOnlyForDeploymentPostprocessing = 0;
		};
/* End PBXResourcesBuildPhase section */

/* Begin PBXShellScriptBuildPhase section */
		184998B3ADB13A75835697AB /* [CP] Check Pods Manifest.lock */ = {
			isa = PBXShellScriptBuildPhase;
			buildActionMask = 2147483647;
			files = (
			);
			inputPaths = (
				"${PODS_PODFILE_DIR_PATH}/Podfile.lock",
				"${PODS_ROOT}/Manifest.lock",
			);
			name = "[CP] Check Pods Manifest.lock";
			outputPaths = (
				"$(DERIVED_FILE_DIR)/Pods-GGV_test-checkManifestLockResult.txt",
			);
			runOnlyForDeploymentPostprocessing = 0;
			shellPath = /bin/sh;
			shellScript = "diff \"${PODS_PODFILE_DIR_PATH}/Podfile.lock\" \"${PODS_ROOT}/Manifest.lock\" > /dev/null\nif [ $? != 0 ] ; then\n    # print error to STDERR\n    echo \"error: The sandbox is not in sync with the Podfile.lock. Run 'pod install' or update your CocoaPods installation.\" >&2\n    exit 1\nfi\n# This output is used by Xcode 'outputs' to avoid re-running this script phase.\necho \"SUCCESS\" > \"${SCRIPT_OUTPUT_FILE_0}\"\n";
			showEnvVarsInLog = 0;
		};
		862D3B4A5F54F79BCA835AC7 /* [CP] Check Pods Manifest.lock */ = {
			isa = PBXShellScriptBuildPhase;
			buildActionMask = 2147483647;
			files = (
			);
			inputPaths = (
				"${PODS_PODFILE_DIR_PATH}/Podfile.lock",
				"${PODS_ROOT}/Manifest.lock",
			);
			name = "[CP] Check Pods Manifest.lock";
			outputPaths = (
				"$(DERIVED_FILE_DIR)/Pods-GGV_testUITests-checkManifestLockResult.txt",
			);
			runOnlyForDeploymentPostprocessing = 0;
			shellPath = /bin/sh;
			shellScript = "diff \"${PODS_PODFILE_DIR_PATH}/Podfile.lock\" \"${PODS_ROOT}/Manifest.lock\" > /dev/null\nif [ $? != 0 ] ; then\n    # print error to STDERR\n    echo \"error: The sandbox is not in sync with the Podfile.lock. Run 'pod install' or update your CocoaPods installation.\" >&2\n    exit 1\nfi\n# This output is used by Xcode 'outputs' to avoid re-running this script phase.\necho \"SUCCESS\" > \"${SCRIPT_OUTPUT_FILE_0}\"\n";
			showEnvVarsInLog = 0;
		};
		AD25CF3488DAB4BC6876A964 /* [CP] Check Pods Manifest.lock */ = {
			isa = PBXShellScriptBuildPhase;
			buildActionMask = 2147483647;
			files = (
			);
			inputPaths = (
				"${PODS_PODFILE_DIR_PATH}/Podfile.lock",
				"${PODS_ROOT}/Manifest.lock",
			);
			name = "[CP] Check Pods Manifest.lock";
			outputPaths = (
				"$(DERIVED_FILE_DIR)/Pods-GGV_testTests-checkManifestLockResult.txt",
			);
			runOnlyForDeploymentPostprocessing = 0;
			shellPath = /bin/sh;
			shellScript = "diff \"${PODS_PODFILE_DIR_PATH}/Podfile.lock\" \"${PODS_ROOT}/Manifest.lock\" > /dev/null\nif [ $? != 0 ] ; then\n    # print error to STDERR\n    echo \"error: The sandbox is not in sync with the Podfile.lock. Run 'pod install' or update your CocoaPods installation.\" >&2\n    exit 1\nfi\n# This output is used by Xcode 'outputs' to avoid re-running this script phase.\necho \"SUCCESS\" > \"${SCRIPT_OUTPUT_FILE_0}\"\n";
			showEnvVarsInLog = 0;
		};
		EC8AF9213268C60B4EDAFA86 /* [CP] Embed Pods Frameworks */ = {
			isa = PBXShellScriptBuildPhase;
			buildActionMask = 2147483647;
			files = (
			);
			inputPaths = (
				"${SRCROOT}/Pods/Target Support Files/Pods-GGV_test/Pods-GGV_test-frameworks.sh",
				"${BUILT_PRODUCTS_DIR}/IQKeyboardManagerSwift/IQKeyboardManagerSwift.framework",
				"${BUILT_PRODUCTS_DIR}/KDCircularProgress/KDCircularProgress.framework",
				"${BUILT_PRODUCTS_DIR}/Realm/Realm.framework",
				"${BUILT_PRODUCTS_DIR}/RealmSwift/RealmSwift.framework",
				"${BUILT_PRODUCTS_DIR}/Repeat/Repeat.framework",
			);
			name = "[CP] Embed Pods Frameworks";
			outputPaths = (
				"${TARGET_BUILD_DIR}/${FRAMEWORKS_FOLDER_PATH}/IQKeyboardManagerSwift.framework",
				"${TARGET_BUILD_DIR}/${FRAMEWORKS_FOLDER_PATH}/KDCircularProgress.framework",
				"${TARGET_BUILD_DIR}/${FRAMEWORKS_FOLDER_PATH}/Realm.framework",
				"${TARGET_BUILD_DIR}/${FRAMEWORKS_FOLDER_PATH}/RealmSwift.framework",
				"${TARGET_BUILD_DIR}/${FRAMEWORKS_FOLDER_PATH}/Repeat.framework",
			);
			runOnlyForDeploymentPostprocessing = 0;
			shellPath = /bin/sh;
			shellScript = "\"${SRCROOT}/Pods/Target Support Files/Pods-GGV_test/Pods-GGV_test-frameworks.sh\"\n";
			showEnvVarsInLog = 0;
		};
/* End PBXShellScriptBuildPhase section */

/* Begin PBXSourcesBuildPhase section */
		EED6E3CA212302C600A49A78 /* Sources */ = {
			isa = PBXSourcesBuildPhase;
			buildActionMask = 2147483647;
			files = (
				EED6E3D4212302C600A49A78 /* ViewController.swift in Sources */,
				EE9658EB2124092D00811932 /* InfoViewController.swift in Sources */,
				EE9658EF21240B2A00811932 /* Helper.swift in Sources */,
				EED6E3D2212302C600A49A78 /* AppDelegate.swift in Sources */,
				EE9658ED2124093D00811932 /* HistoryViewController.swift in Sources */,
				EE9658F92124169E00811932 /* RecordDoc.swift in Sources */,
				EE9658FC2124213700811932 /* RecordTableViewCell.swift in Sources */,
				EE9658F12124117C00811932 /* Constants.swift in Sources */,
			);
			runOnlyForDeploymentPostprocessing = 0;
		};
		EED6E3DE212302C800A49A78 /* Sources */ = {
			isa = PBXSourcesBuildPhase;
			buildActionMask = 2147483647;
			files = (
				EED6E3E7212302C800A49A78 /* GGV_testTests.swift in Sources */,
			);
			runOnlyForDeploymentPostprocessing = 0;
		};
		EED6E3E9212302C800A49A78 /* Sources */ = {
			isa = PBXSourcesBuildPhase;
			buildActionMask = 2147483647;
			files = (
				EED6E3F2212302C800A49A78 /* GGV_testUITests.swift in Sources */,
			);
			runOnlyForDeploymentPostprocessing = 0;
		};
/* End PBXSourcesBuildPhase section */

/* Begin PBXTargetDependency section */
		EED6E3E4212302C800A49A78 /* PBXTargetDependency */ = {
			isa = PBXTargetDependency;
			target = EED6E3CD212302C600A49A78 /* GGV_test */;
			targetProxy = EED6E3E3212302C800A49A78 /* PBXContainerItemProxy */;
		};
		EED6E3EF212302C800A49A78 /* PBXTargetDependency */ = {
			isa = PBXTargetDependency;
			target = EED6E3CD212302C600A49A78 /* GGV_test */;
			targetProxy = EED6E3EE212302C800A49A78 /* PBXContainerItemProxy */;
		};
/* End PBXTargetDependency section */

/* Begin PBXVariantGroup section */
		EED6E3D5212302C600A49A78 /* Main.storyboard */ = {
			isa = PBXVariantGroup;
			children = (
				EED6E3D6212302C600A49A78 /* Base */,
			);
			name = Main.storyboard;
			sourceTree = "<group>";
		};
		EED6E3DA212302C800A49A78 /* LaunchScreen.storyboard */ = {
			isa = PBXVariantGroup;
			children = (
				EED6E3DB212302C800A49A78 /* Base */,
			);
			name = LaunchScreen.storyboard;
			sourceTree = "<group>";
		};
/* End PBXVariantGroup section */

/* Begin XCBuildConfiguration section */
		EED6E3F4212302C800A49A78 /* Debug */ = {
			isa = XCBuildConfiguration;
			buildSettings = {
				ALWAYS_SEARCH_USER_PATHS = NO;
				CLANG_ANALYZER_NONNULL = YES;
				CLANG_ANALYZER_NUMBER_OBJECT_CONVERSION = YES_AGGRESSIVE;
				CLANG_CXX_LANGUAGE_STANDARD = "gnu++14";
				CLANG_CXX_LIBRARY = "libc++";
				CLANG_ENABLE_MODULES = YES;
				CLANG_ENABLE_OBJC_ARC = YES;
				CLANG_ENABLE_OBJC_WEAK = YES;
				CLANG_WARN_BLOCK_CAPTURE_AUTORELEASING = YES;
				CLANG_WARN_BOOL_CONVERSION = YES;
				CLANG_WARN_COMMA = YES;
				CLANG_WARN_CONSTANT_CONVERSION = YES;
				CLANG_WARN_DEPRECATED_OBJC_IMPLEMENTATIONS = YES;
				CLANG_WARN_DIRECT_OBJC_ISA_USAGE = YES_ERROR;
				CLANG_WARN_DOCUMENTATION_COMMENTS = YES;
				CLANG_WARN_EMPTY_BODY = YES;
				CLANG_WARN_ENUM_CONVERSION = YES;
				CLANG_WARN_INFINITE_RECURSION = YES;
				CLANG_WARN_INT_CONVERSION = YES;
				CLANG_WARN_NON_LITERAL_NULL_CONVERSION = YES;
				CLANG_WARN_OBJC_IMPLICIT_RETAIN_SELF = YES;
				CLANG_WARN_OBJC_LITERAL_CONVERSION = YES;
				CLANG_WARN_OBJC_ROOT_CLASS = YES_ERROR;
				CLANG_WARN_RANGE_LOOP_ANALYSIS = YES;
				CLANG_WARN_STRICT_PROTOTYPES = YES;
				CLANG_WARN_SUSPICIOUS_MOVE = YES;
				CLANG_WARN_UNGUARDED_AVAILABILITY = YES_AGGRESSIVE;
				CLANG_WARN_UNREACHABLE_CODE = YES;
				CLANG_WARN__DUPLICATE_METHOD_MATCH = YES;
				CODE_SIGN_IDENTITY = "iPhone Developer";
				COPY_PHASE_STRIP = NO;
				DEBUG_INFORMATION_FORMAT = dwarf;
				ENABLE_STRICT_OBJC_MSGSEND = YES;
				ENABLE_TESTABILITY = YES;
				GCC_C_LANGUAGE_STANDARD = gnu11;
				GCC_DYNAMIC_NO_PIC = NO;
				GCC_NO_COMMON_BLOCKS = YES;
				GCC_OPTIMIZATION_LEVEL = 0;
				GCC_PREPROCESSOR_DEFINITIONS = (
					"DEBUG=1",
					"$(inherited)",
				);
				GCC_WARN_64_TO_32_BIT_CONVERSION = YES;
				GCC_WARN_ABOUT_RETURN_TYPE = YES_ERROR;
				GCC_WARN_UNDECLARED_SELECTOR = YES;
				GCC_WARN_UNINITIALIZED_AUTOS = YES_AGGRESSIVE;
				GCC_WARN_UNUSED_FUNCTION = YES;
				GCC_WARN_UNUSED_VARIABLE = YES;
				IPHONEOS_DEPLOYMENT_TARGET = 11.4;
				MTL_ENABLE_DEBUG_INFO = YES;
				ONLY_ACTIVE_ARCH = YES;
				SDKROOT = iphoneos;
				SWIFT_ACTIVE_COMPILATION_CONDITIONS = DEBUG;
				SWIFT_OPTIMIZATION_LEVEL = "-Onone";
			};
			name = Debug;
		};
		EED6E3F5212302C800A49A78 /* Release */ = {
			isa = XCBuildConfiguration;
			buildSettings = {
				ALWAYS_SEARCH_USER_PATHS = NO;
				CLANG_ANALYZER_NONNULL = YES;
				CLANG_ANALYZER_NUMBER_OBJECT_CONVERSION = YES_AGGRESSIVE;
				CLANG_CXX_LANGUAGE_STANDARD = "gnu++14";
				CLANG_CXX_LIBRARY = "libc++";
				CLANG_ENABLE_MODULES = YES;
				CLANG_ENABLE_OBJC_ARC = YES;
				CLANG_ENABLE_OBJC_WEAK = YES;
				CLANG_WARN_BLOCK_CAPTURE_AUTORELEASING = YES;
				CLANG_WARN_BOOL_CONVERSION = YES;
				CLANG_WARN_COMMA = YES;
				CLANG_WARN_CONSTANT_CONVERSION = YES;
				CLANG_WARN_DEPRECATED_OBJC_IMPLEMENTATIONS = YES;
				CLANG_WARN_DIRECT_OBJC_ISA_USAGE = YES_ERROR;
				CLANG_WARN_DOCUMENTATION_COMMENTS = YES;
				CLANG_WARN_EMPTY_BODY = YES;
				CLANG_WARN_ENUM_CONVERSION = YES;
				CLANG_WARN_INFINITE_RECURSION = YES;
				CLANG_WARN_INT_CONVERSION = YES;
				CLANG_WARN_NON_LITERAL_NULL_CONVERSION = YES;
				CLANG_WARN_OBJC_IMPLICIT_RETAIN_SELF = YES;
				CLANG_WARN_OBJC_LITERAL_CONVERSION = YES;
				CLANG_WARN_OBJC_ROOT_CLASS = YES_ERROR;
				CLANG_WARN_RANGE_LOOP_ANALYSIS = YES;
				CLANG_WARN_STRICT_PROTOTYPES = YES;
				CLANG_WARN_SUSPICIOUS_MOVE = YES;
				CLANG_WARN_UNGUARDED_AVAILABILITY = YES_AGGRESSIVE;
				CLANG_WARN_UNREACHABLE_CODE = YES;
				CLANG_WARN__DUPLICATE_METHOD_MATCH = YES;
				CODE_SIGN_IDENTITY = "iPhone Developer";
				COPY_PHASE_STRIP = NO;
				DEBUG_INFORMATION_FORMAT = "dwarf-with-dsym";
				ENABLE_NS_ASSERTIONS = NO;
				ENABLE_STRICT_OBJC_MSGSEND = YES;
				GCC_C_LANGUAGE_STANDARD = gnu11;
				GCC_NO_COMMON_BLOCKS = YES;
				GCC_WARN_64_TO_32_BIT_CONVERSION = YES;
				GCC_WARN_ABOUT_RETURN_TYPE = YES_ERROR;
				GCC_WARN_UNDECLARED_SELECTOR = YES;
				GCC_WARN_UNINITIALIZED_AUTOS = YES_AGGRESSIVE;
				GCC_WARN_UNUSED_FUNCTION = YES;
				GCC_WARN_UNUSED_VARIABLE = YES;
				IPHONEOS_DEPLOYMENT_TARGET = 11.4;
				MTL_ENABLE_DEBUG_INFO = NO;
				SDKROOT = iphoneos;
				SWIFT_COMPILATION_MODE = wholemodule;
				SWIFT_OPTIMIZATION_LEVEL = "-O";
				VALIDATE_PRODUCT = YES;
			};
			name = Release;
		};
		EED6E3F7212302C800A49A78 /* Debug */ = {
			isa = XCBuildConfiguration;
			baseConfigurationReference = DC0D9D101182CB9DDA628917 /* Pods-GGV_test.debug.xcconfig */;
			buildSettings = {
				ASSETCATALOG_COMPILER_APPICON_NAME = AppIcon;
				CODE_SIGN_STYLE = Automatic;
				INFOPLIST_FILE = GGV_test/Info.plist;
				LD_RUNPATH_SEARCH_PATHS = (
					"$(inherited)",
					"@executable_path/Frameworks",
				);
				PRODUCT_BUNDLE_IDENTIFIER = "GGVT.GGV-test";
				PRODUCT_NAME = "$(TARGET_NAME)";
				SWIFT_VERSION = 4.0;
				TARGETED_DEVICE_FAMILY = "1,2";
			};
			name = Debug;
		};
		EED6E3F8212302C800A49A78 /* Release */ = {
			isa = XCBuildConfiguration;
			baseConfigurationReference = 369A8850D5636D6415C2F8D8 /* Pods-GGV_test.release.xcconfig */;
			buildSettings = {
				ASSETCATALOG_COMPILER_APPICON_NAME = AppIcon;
				CODE_SIGN_STYLE = Automatic;
				INFOPLIST_FILE = GGV_test/Info.plist;
				LD_RUNPATH_SEARCH_PATHS = (
					"$(inherited)",
					"@executable_path/Frameworks",
				);
				PRODUCT_BUNDLE_IDENTIFIER = "GGVT.GGV-test";
				PRODUCT_NAME = "$(TARGET_NAME)";
				SWIFT_VERSION = 4.0;
				TARGETED_DEVICE_FAMILY = "1,2";
			};
			name = Release;
		};
		EED6E3FA212302C800A49A78 /* Debug */ = {
			isa = XCBuildConfiguration;
			baseConfigurationReference = C8CB1AD093A5C8369946EF02 /* Pods-GGV_testTests.debug.xcconfig */;
			buildSettings = {
				ALWAYS_EMBED_SWIFT_STANDARD_LIBRARIES = YES;
				BUNDLE_LOADER = "$(TEST_HOST)";
				CODE_SIGN_STYLE = Automatic;
				INFOPLIST_FILE = GGV_testTests/Info.plist;
				LD_RUNPATH_SEARCH_PATHS = (
					"$(inherited)",
					"@executable_path/Frameworks",
					"@loader_path/Frameworks",
				);
				PRODUCT_BUNDLE_IDENTIFIER = "GGVT.GGV-testTests";
				PRODUCT_NAME = "$(TARGET_NAME)";
				SWIFT_VERSION = 4.0;
				TARGETED_DEVICE_FAMILY = "1,2";
				TEST_HOST = "$(BUILT_PRODUCTS_DIR)/GGV_test.app/GGV_test";
			};
			name = Debug;
		};
		EED6E3FB212302C800A49A78 /* Release */ = {
			isa = XCBuildConfiguration;
			baseConfigurationReference = 3D42BA45A755AC43AC8206A9 /* Pods-GGV_testTests.release.xcconfig */;
			buildSettings = {
				ALWAYS_EMBED_SWIFT_STANDARD_LIBRARIES = YES;
				BUNDLE_LOADER = "$(TEST_HOST)";
				CODE_SIGN_STYLE = Automatic;
				INFOPLIST_FILE = GGV_testTests/Info.plist;
				LD_RUNPATH_SEARCH_PATHS = (
					"$(inherited)",
					"@executable_path/Frameworks",
					"@loader_path/Frameworks",
				);
				PRODUCT_BUNDLE_IDENTIFIER = "GGVT.GGV-testTests";
				PRODUCT_NAME = "$(TARGET_NAME)";
				SWIFT_VERSION = 4.0;
				TARGETED_DEVICE_FAMILY = "1,2";
				TEST_HOST = "$(BUILT_PRODUCTS_DIR)/GGV_test.app/GGV_test";
			};
			name = Release;
		};
		EED6E3FD212302C800A49A78 /* Debug */ = {
			isa = XCBuildConfiguration;
			baseConfigurationReference = 7B9B2CAD13183B96ABF9E150 /* Pods-GGV_testUITests.debug.xcconfig */;
			buildSettings = {
				ALWAYS_EMBED_SWIFT_STANDARD_LIBRARIES = YES;
				CODE_SIGN_STYLE = Automatic;
				INFOPLIST_FILE = GGV_testUITests/Info.plist;
				LD_RUNPATH_SEARCH_PATHS = (
					"$(inherited)",
					"@executable_path/Frameworks",
					"@loader_path/Frameworks",
				);
				PRODUCT_BUNDLE_IDENTIFIER = "GGVT.GGV-testUITests";
				PRODUCT_NAME = "$(TARGET_NAME)";
				SWIFT_VERSION = 4.0;
				TARGETED_DEVICE_FAMILY = "1,2";
				TEST_TARGET_NAME = GGV_test;
			};
			name = Debug;
		};
		EED6E3FE212302C800A49A78 /* Release */ = {
			isa = XCBuildConfiguration;
			baseConfigurationReference = 32F0C2D24A57C64643613C52 /* Pods-GGV_testUITests.release.xcconfig */;
			buildSettings = {
				ALWAYS_EMBED_SWIFT_STANDARD_LIBRARIES = YES;
				CODE_SIGN_STYLE = Automatic;
				INFOPLIST_FILE = GGV_testUITests/Info.plist;
				LD_RUNPATH_SEARCH_PATHS = (
					"$(inherited)",
					"@executable_path/Frameworks",
					"@loader_path/Frameworks",
				);
				PRODUCT_BUNDLE_IDENTIFIER = "GGVT.GGV-testUITests";
				PRODUCT_NAME = "$(TARGET_NAME)";
				SWIFT_VERSION = 4.0;
				TARGETED_DEVICE_FAMILY = "1,2";
				TEST_TARGET_NAME = GGV_test;
			};
			name = Release;
		};
/* End XCBuildConfiguration section */

/* Begin XCConfigurationList section */
		EED6E3C9212302C600A49A78 /* Build configuration list for PBXProject "GGV_test" */ = {
			isa = XCConfigurationList;
			buildConfigurations = (
				EED6E3F4212302C800A49A78 /* Debug */,
				EED6E3F5212302C800A49A78 /* Release */,
			);
			defaultConfigurationIsVisible = 0;
			defaultConfigurationName = Release;
		};
		EED6E3F6212302C800A49A78 /* Build configuration list for PBXNativeTarget "GGV_test" */ = {
			isa = XCConfigurationList;
			buildConfigurations = (
				EED6E3F7212302C800A49A78 /* Debug */,
				EED6E3F8212302C800A49A78 /* Release */,
			);
			defaultConfigurationIsVisible = 0;
			defaultConfigurationName = Release;
		};
		EED6E3F9212302C800A49A78 /* Build configuration list for PBXNativeTarget "GGV_testTests" */ = {
			isa = XCConfigurationList;
			buildConfigurations = (
				EED6E3FA212302C800A49A78 /* Debug */,
				EED6E3FB212302C800A49A78 /* Release */,
			);
			defaultConfigurationIsVisible = 0;
			defaultConfigurationName = Release;
		};
		EED6E3FC212302C800A49A78 /* Build configuration list for PBXNativeTarget "GGV_testUITests" */ = {
			isa = XCConfigurationList;
			buildConfigurations = (
				EED6E3FD212302C800A49A78 /* Debug */,
				EED6E3FE212302C800A49A78 /* Release */,
			);
			defaultConfigurationIsVisible = 0;
			defaultConfigurationName = Release;
		};
/* End XCConfigurationList section */
	};
	rootObject = EED6E3C6212302C600A49A78 /* Project object */;
}
